
Microsoft Visual Studio Solution File, Format Version 12.00
# Visual Studio 2015
Project("{FAE04EC0-301F-11D3-BF4B-00C04F79EFBC}") = "2D Rogue Like Game", "2D Rogue Like Game.csproj", "{D296A476-2B0A-3970-E02C-0263BD81172D}"
EndProject
Project("{FAE04EC0-301F-11D3-BF4B-00C04F79EFBC}") = "2D Rogue Like Game.Editor", "2D Rogue Like Game.Editor.csproj", "{EC149DF0-359E-CF49-AE69-2FB76D874910}"
EndProject
Global
	GlobalSection(SolutionConfigurationPlatforms) = preSolution
		Debug|Any CPU = Debug|Any CPU
		Release|Any CPU = Release|Any CPU
	EndGlobalSection
	GlobalSection(ProjectConfigurationPlatforms) = postSolution
		{D296A476-2B0A-3970-E02C-0263BD81172D}.Debug|Any CPU.ActiveCfg = Debug|Any CPU
		{D296A476-2B0A-3970-E02C-0263BD81172D}.Debug|Any CPU.Build.0 = Debug|Any CPU
		{D296A476-2B0A-3970-E02C-0263BD81172D}.Release|Any CPU.ActiveCfg = Release|Any CPU
		{D296A476-2B0A-3970-E02C-0263BD81172D}.Release|Any CPU.Build.0 = Release|Any CPU
		{EC149DF0-359E-CF49-AE69-2FB76D874910}.Debug|Any CPU.ActiveCfg = Debug|Any CPU
		{EC149DF0-359E-CF49-AE69-2FB76D874910}.Debug|Any CPU.Build.0 = Debug|Any CPU
		{EC149DF0-359E-CF49-AE69-2FB76D874910}.Release|Any CPU.ActiveCfg = Release|Any CPU
		{EC149DF0-359E-CF49-AE69-2FB76D874910}.Release|Any CPU.Build.0 = Release|Any CPU
	EndGlobalSection
	GlobalSection(SolutionProperties) = preSolution
		HideSolutionNode = FALSE
	EndGlobalSection
EndGlobal
